// !$*UTF8*$!
{
	archiveVersion = 1;
	classes = {
	};
	objectVersion = 46;
	objects = {

/* Begin PBXBuildFile section */
		957A82241D5B29CD00F4722D /* main.m in Sources */ = {isa = PBXBuildFile; fileRef = 957A82231D5B29CD00F4722D /* main.m */; };
		957A82271D5B29CD00F4722D /* AppDelegate.m in Sources */ = {isa = PBXBuildFile; fileRef = 957A82261D5B29CD00F4722D /* AppDelegate.m */; };
		957A822A1D5B29CD00F4722D /* ViewController.m in Sources */ = {isa = PBXBuildFile; fileRef = 957A82291D5B29CD00F4722D /* ViewController.m */; };
		957A822D1D5B29CD00F4722D /* Main.storyboard in Resources */ = {isa = PBXBuildFile; fileRef = 957A822B1D5B29CD00F4722D /* Main.storyboard */; };
		957A822F1D5B29CD00F4722D /* Assets.xcassets in Resources */ = {isa = PBXBuildFile; fileRef = 957A822E1D5B29CD00F4722D /* Assets.xcassets */; };
		957A82321D5B29CD00F4722D /* LaunchScreen.storyboard in Resources */ = {isa = PBXBuildFile; fileRef = 957A82301D5B29CD00F4722D /* LaunchScreen.storyboard */; };
		957A823D1D5B29CD00F4722D /* swipeMonthYearTests.m in Sources */ = {isa = PBXBuildFile; fileRef = 957A823C1D5B29CD00F4722D /* swipeMonthYearTests.m */; };
		957A82481D5B29CD00F4722D /* swipeMonthYearUITests.m in Sources */ = {isa = PBXBuildFile; fileRef = 957A82471D5B29CD00F4722D /* swipeMonthYearUITests.m */; };
/* End PBXBuildFile section */

/* Begin PBXContainerItemProxy section */
		957A82391D5B29CD00F4722D /* PBXContainerItemProxy */ = {
			isa = PBXContainerItemProxy;
			containerPortal = 957A82171D5B29CD00F4722D /* Project object */;
			proxyType = 1;
			remoteGlobalIDString = 957A821E1D5B29CD00F4722D;
			remoteInfo = swipeMonthYear;
		};
		957A82441D5B29CD00F4722D /* PBXContainerItemProxy */ = {
			isa = PBXContainerItemProxy;
			containerPortal = 957A82171D5B29CD00F4722D /* Project object */;
			proxyType = 1;
			remoteGlobalIDString = 957A821E1D5B29CD00F4722D;
			remoteInfo = swipeMonthYear;
		};
/* End PBXContainerItemProxy section */

/* Begin PBXFileReference section */
		957A821F1D5B29CD00F4722D /* swipeMonthYear.app */ = {isa = PBXFileReference; explicitFileType = wrapper.application; includeInIndex = 0; path = swipeMonthYear.app; sourceTree = BUILT_PRODUCTS_DIR; };
		957A82231D5B29CD00F4722D /* main.m */ = {isa = PBXFileReference; lastKnownFileType = sourcecode.c.objc; path = main.m; sourceTree = "<group>"; };
		957A82251D5B29CD00F4722D /* AppDelegate.h */ = {isa = PBXFileReference; lastKnownFileType = sourcecode.c.h; path = AppDelegate.h; sourceTree = "<group>"; };
		957A82261D5B29CD00F4722D /* AppDelegate.m */ = {isa = PBXFileReference; lastKnownFileType = sourcecode.c.objc; path = AppDelegate.m; sourceTree = "<group>"; };
		957A82281D5B29CD00F4722D /* ViewController.h */ = {isa = PBXFileReference; lastKnownFileType = sourcecode.c.h; path = ViewController.h; sourceTree = "<group>"; };
		957A82291D5B29CD00F4722D /* ViewController.m */ = {isa = PBXFileReference; lastKnownFileType = sourcecode.c.objc; path = ViewController.m; sourceTree = "<group>"; };
		957A822C1D5B29CD00F4722D /* Base */ = {isa = PBXFileReference; lastKnownFileType = file.storyboard; name = Base; path = Base.lproj/Main.storyboard; sourceTree = "<group>"; };
		957A822E1D5B29CD00F4722D /* Assets.xcassets */ = {isa = PBXFileReference; lastKnownFileType = folder.assetcatalog; path = Assets.xcassets; sourceTree = "<group>"; };
		957A82311D5B29CD00F4722D /* Base */ = {isa = PBXFileReference; lastKnownFileType = file.storyboard; name = Base; path = Base.lproj/LaunchScreen.storyboard; sourceTree = "<group>"; };
		957A82331D5B29CD00F4722D /* Info.plist */ = {isa = PBXFileReference; lastKnownFileType = text.plist.xml; path = Info.plist; sourceTree = "<group>"; };
		957A82381D5B29CD00F4722D /* swipeMonthYearTests.xctest */ = {isa = PBXFileReference; explicitFileType = wrapper.cfbundle; includeInIndex = 0; path = swipeMonthYearTests.xctest; sourceTree = BUILT_PRODUCTS_DIR; };
		957A823C1D5B29CD00F4722D /* swipeMonthYearTests.m */ = {isa = PBXFileReference; lastKnownFileType = sourcecode.c.objc; path = swipeMonthYearTests.m; sourceTree = "<group>"; };
		957A823E1D5B29CD00F4722D /* Info.plist */ = {isa = PBXFileReference; lastKnownFileType = text.plist.xml; path = Info.plist; sourceTree = "<group>"; };
		957A82431D5B29CD00F4722D /* swipeMonthYearUITests.xctest */ = {isa = PBXFileReference; explicitFileType = wrapper.cfbundle; includeInIndex = 0; path = swipeMonthYearUITests.xctest; sourceTree = BUILT_PRODUCTS_DIR; };
		957A82471D5B29CD00F4722D /* swipeMonthYearUITests.m */ = {isa = PBXFileReference; lastKnownFileType = sourcecode.c.objc; path = swipeMonthYearUITests.m; sourceTree = "<group>"; };
		957A82491D5B29CD00F4722D /* Info.plist */ = {isa = PBXFileReference; lastKnownFileType = text.plist.xml; path = Info.plist; sourceTree = "<group>"; };
/* End PBXFileReference section */

/* Begin PBXFrameworksBuildPhase section */
		957A821C1D5B29CD00F4722D /* Frameworks */ = {
			isa = PBXFrameworksBuildPhase;
			buildActionMask = 2147483647;
			files = (
			);
			runOnlyForDeploymentPostprocessing = 0;
		};
		957A82351D5B29CD00F4722D /* Frameworks */ = {
			isa = PBXFrameworksBuildPhase;
			buildActionMask = 2147483647;
			files = (
			);
			runOnlyForDeploymentPostprocessing = 0;
		};
		957A82401D5B29CD00F4722D /* Frameworks */ = {
			isa = PBXFrameworksBuildPhase;
			buildActionMask = 2147483647;
			files = (
			);
			runOnlyForDeploymentPostprocessing = 0;
		};
/* End PBXFrameworksBuildPhase section */

/* Begin PBXGroup section */
		957A82161D5B29CD00F4722D = {
			isa = PBXGroup;
			children = (
				957A82211D5B29CD00F4722D /* swipeMonthYear */,
				957A823B1D5B29CD00F4722D /* swipeMonthYearTests */,
				957A82461D5B29CD00F4722D /* swipeMonthYearUITests */,
				957A82201D5B29CD00F4722D /* Products */,
			);
			sourceTree = "<group>";
		};
		957A82201D5B29CD00F4722D /* Products */ = {
			isa = PBXGroup;
			children = (
				957A821F1D5B29CD00F4722D /* swipeMonthYear.app */,
				957A82381D5B29CD00F4722D /* swipeMonthYearTests.xctest */,
				957A82431D5B29CD00F4722D /* swipeMonthYearUITests.xctest */,
			);
			name = Products;
			sourceTree = "<group>";
		};
		957A82211D5B29CD00F4722D /* swipeMonthYear */ = {
			isa = PBXGroup;
			children = (
				957A82251D5B29CD00F4722D /* AppDelegate.h */,
				957A82261D5B29CD00F4722D /* AppDelegate.m */,
				957A82281D5B29CD00F4722D /* ViewController.h */,
				957A82291D5B29CD00F4722D /* ViewController.m */,
				957A822B1D5B29CD00F4722D /* Main.storyboard */,
				957A822E1D5B29CD00F4722D /* Assets.xcassets */,
				957A82301D5B29CD00F4722D /* LaunchScreen.storyboard */,
				957A82331D5B29CD00F4722D /* Info.plist */,
				957A82221D5B29CD00F4722D /* Supporting Files */,
			);
			path = swipeMonthYear;
			sourceTree = "<group>";
		};
		957A82221D5B29CD00F4722D /* Supporting Files */ = {
			isa = PBXGroup;
			children = (
				957A82231D5B29CD00F4722D /* main.m */,
			);
			name = "Supporting Files";
			sourceTree = "<group>";
		};
		957A823B1D5B29CD00F4722D /* swipeMonthYearTests */ = {
			isa = PBXGroup;
			children = (
				957A823C1D5B29CD00F4722D /* swipeMonthYearTests.m */,
				957A823E1D5B29CD00F4722D /* Info.plist */,
			);
			path = swipeMonthYearTests;
			sourceTree = "<group>";
		};
		957A82461D5B29CD00F4722D /* swipeMonthYearUITests */ = {
			isa = PBXGroup;
			children = (
				957A82471D5B29CD00F4722D /* swipeMonthYearUITests.m */,
				957A82491D5B29CD00F4722D /* Info.plist */,
			);
			path = swipeMonthYearUITests;
			sourceTree = "<group>";
		};
/* End PBXGroup section */

/* Begin PBXNativeTarget section */
		957A821E1D5B29CD00F4722D /* swipeMonthYear */ = {
			isa = PBXNativeTarget;
			buildConfigurationList = 957A824C1D5B29CD00F4722D /* Build configuration list for PBXNativeTarget "swipeMonthYear" */;
			buildPhases = (
				957A821B1D5B29CD00F4722D /* Sources */,
				957A821C1D5B29CD00F4722D /* Frameworks */,
				957A821D1D5B29CD00F4722D /* Resources */,
			);
			buildRules = (
			);
			dependencies = (
			);
			name = swipeMonthYear;
			productName = swipeMonthYear;
			productReference = 957A821F1D5B29CD00F4722D /* swipeMonthYear.app */;
			productType = "com.apple.product-type.application";
		};
		957A82371D5B29CD00F4722D /* swipeMonthYearTests */ = {
			isa = PBXNativeTarget;
			buildConfigurationList = 957A824F1D5B29CD00F4722D /* Build configuration list for PBXNativeTarget "swipeMonthYearTests" */;
			buildPhases = (
				957A82341D5B29CD00F4722D /* Sources */,
				957A82351D5B29CD00F4722D /* Frameworks */,
				957A82361D5B29CD00F4722D /* Resources */,
			);
			buildRules = (
			);
			dependencies = (
				957A823A1D5B29CD00F4722D /* PBXTargetDependency */,
			);
			name = swipeMonthYearTests;
			productName = swipeMonthYearTests;
			productReference = 957A82381D5B29CD00F4722D /* swipeMonthYearTests.xctest */;
			productType = "com.apple.product-type.bundle.unit-test";
		};
		957A82421D5B29CD00F4722D /* swipeMonthYearUITests */ = {
			isa = PBXNativeTarget;
			buildConfigurationList = 957A82521D5B29CD00F4722D /* Build configuration list for PBXNativeTarget "swipeMonthYearUITests" */;
			buildPhases = (
				957A823F1D5B29CD00F4722D /* Sources */,
				957A82401D5B29CD00F4722D /* Frameworks */,
				957A82411D5B29CD00F4722D /* Resources */,
			);
			buildRules = (
			);
			dependencies = (
				957A82451D5B29CD00F4722D /* PBXTargetDependency */,
			);
			name = swipeMonthYearUITests;
			productName = swipeMonthYearUITests;
			productReference = 957A82431D5B29CD00F4722D /* swipeMonthYearUITests.xctest */;
			productType = "com.apple.product-type.bundle.ui-testing";
		};
/* End PBXNativeTarget section */

/* Begin PBXProject section */
		957A82171D5B29CD00F4722D /* Project object */ = {
			isa = PBXProject;
			attributes = {
				LastUpgradeCheck = 0730;
				ORGANIZATIONNAME = AnN;
				TargetAttributes = {
					957A821E1D5B29CD00F4722D = {
						CreatedOnToolsVersion = 7.3.1;
					};
					957A82371D5B29CD00F4722D = {
						CreatedOnToolsVersion = 7.3.1;
						TestTargetID = 957A821E1D5B29CD00F4722D;
					};
					957A82421D5B29CD00F4722D = {
						CreatedOnToolsVersion = 7.3.1;
						TestTargetID = 957A821E1D5B29CD00F4722D;
					};
				};
			};
			buildConfigurationList = 957A821A1D5B29CD00F4722D /* Build configuration list for PBXProject "swipeMonthYear" */;
			compatibilityVersion = "Xcode 3.2";
			developmentRegion = English;
			hasScannedForEncodings = 0;
			knownRegions = (
				en,
				Base,
			);
			mainGroup = 957A82161D5B29CD00F4722D;
			productRefGroup = 957A82201D5B29CD00F4722D /* Products */;
			projectDirPath = "";
			projectRoot = "";
			targets = (
				957A821E1D5B29CD00F4722D /* swipeMonthYear */,
				957A82371D5B29CD00F4722D /* swipeMonthYearTests */,
				957A82421D5B29CD00F4722D /* swipeMonthYearUITests */,
			);
		};
/* End PBXProject section */

/* Begin PBXResourcesBuildPhase section */
		957A821D1D5B29CD00F4722D /* Resources */ = {
			isa = PBXResourcesBuildPhase;
			buildActionMask = 2147483647;
			files = (
				957A82321D5B29CD00F4722D /* LaunchScreen.storyboard in Resources */,
				957A822F1D5B29CD00F4722D /* Assets.xcassets in Resources */,
				957A822D1D5B29CD00F4722D /* Main.storyboard in Resources */,
			);
			runOnlyForDeploymentPostprocessing = 0;
		};
		957A82361D5B29CD00F4722D /* Resources */ = {
			isa = PBXResourcesBuildPhase;
			buildActionMask = 2147483647;
			files = (
			);
			runOnlyForDeploymentPostprocessing = 0;
		};
		957A82411D5B29CD00F4722D /* Resources */ = {
			isa = PBXResourcesBuildPhase;
			buildActionMask = 2147483647;
			files = (
			);
			runOnlyForDeploymentPostprocessing = 0;
		};
/* End PBXResourcesBuildPhase section */

/* Begin PBXSourcesBuildPhase section */
		957A821B1D5B29CD00F4722D /* Sources */ = {
			isa = PBXSourcesBuildPhase;
			buildActionMask = 2147483647;
			files = (
				957A822A1D5B29CD00F4722D /* ViewController.m in Sources */,
				957A82271D5B29CD00F4722D /* AppDelegate.m in Sources */,
				957A82241D5B29CD00F4722D /* main.m in Sources */,
			);
			runOnlyForDeploymentPostprocessing = 0;
		};
		957A82341D5B29CD00F4722D /* Sources */ = {
			isa = PBXSourcesBuildPhase;
			buildActionMask = 2147483647;
			files = (
				957A823D1D5B29CD00F4722D /* swipeMonthYearTests.m in Sources */,
			);
			runOnlyForDeploymentPostprocessing = 0;
		};
		957A823F1D5B29CD00F4722D /* Sources */ = {
			isa = PBXSourcesBuildPhase;
			buildActionMask = 2147483647;
			files = (
				957A82481D5B29CD00F4722D /* swipeMonthYearUITests.m in Sources */,
			);
			runOnlyForDeploymentPostprocessing = 0;
		};
/* End PBXSourcesBuildPhase section */

/* Begin PBXTargetDependency section */
		957A823A1D5B29CD00F4722D /* PBXTargetDependency */ = {
			isa = PBXTargetDependency;
			target = 957A821E1D5B29CD00F4722D /* swipeMonthYear */;
			targetProxy = 957A82391D5B29CD00F4722D /* PBXContainerItemProxy */;
		};
		957A82451D5B29CD00F4722D /* PBXTargetDependency */ = {
			isa = PBXTargetDependency;
			target = 957A821E1D5B29CD00F4722D /* swipeMonthYear */;
			targetProxy = 957A82441D5B29CD00F4722D /* PBXContainerItemProxy */;
		};
/* End PBXTargetDependency section */

/* Begin PBXVariantGroup section */
		957A822B1D5B29CD00F4722D /* Main.storyboard */ = {
			isa = PBXVariantGroup;
			children = (
				957A822C1D5B29CD00F4722D /* Base */,
			);
			name = Main.storyboard;
			sourceTree = "<group>";
		};
		957A82301D5B29CD00F4722D /* LaunchScreen.storyboard */ = {
			isa = PBXVariantGroup;
			children = (
				957A82311D5B29CD00F4722D /* Base */,
			);
			name = LaunchScreen.storyboard;
			sourceTree = "<group>";
		};
/* End PBXVariantGroup section */

/* Begin XCBuildConfiguration section */
		957A824A1D5B29CD00F4722D /* Debug */ = {
			isa = XCBuildConfiguration;
			buildSettings = {
				ALWAYS_SEARCH_USER_PATHS = NO;
				CLANG_ANALYZER_NONNULL = YES;
				CLANG_CXX_LANGUAGE_STANDARD = "gnu++0x";
				CLANG_CXX_LIBRARY = "libc++";
				CLANG_ENABLE_MODULES = YES;
				CLANG_ENABLE_OBJC_ARC = YES;
				CLANG_WARN_BOOL_CONVERSION = YES;
				CLANG_WARN_CONSTANT_CONVERSION = YES;
				CLANG_WARN_DIRECT_OBJC_ISA_USAGE = YES_ERROR;
				CLANG_WARN_EMPTY_BODY = YES;
				CLANG_WARN_ENUM_CONVERSION = YES;
				CLANG_WARN_INT_CONVERSION = YES;
				CLANG_WARN_OBJC_ROOT_CLASS = YES_ERROR;
				CLANG_WARN_UNREACHABLE_CODE = YES;
				CLANG_WARN__DUPLICATE_METHOD_MATCH = YES;
				"CODE_SIGN_IDENTITY[sdk=iphoneos*]" = "iPhone Developer";
				COPY_PHASE_STRIP = NO;
				DEBUG_INFORMATION_FORMAT = dwarf;
				ENABLE_STRICT_OBJC_MSGSEND = YES;
				ENABLE_TESTABILITY = YES;
				GCC_C_LANGUAGE_STANDARD = gnu99;
				GCC_DYNAMIC_NO_PIC = NO;
				GCC_NO_COMMON_BLOCKS = YES;
				GCC_OPTIMIZATION_LEVEL = 0;
				GCC_PREPROCESSOR_DEFINITIONS = (
					"DEBUG=1",
					"$(inherited)",
				);
				GCC_WARN_64_TO_32_BIT_CONVERSION = YES;
				GCC_WARN_ABOUT_RETURN_TYPE = YES_ERROR;
				GCC_WARN_UNDECLARED_SELECTOR = YES;
				GCC_WARN_UNINITIALIZED_AUTOS = YES_AGGRESSIVE;
				GCC_WARN_UNUSED_FUNCTION = YES;
				GCC_WARN_UNUSED_VARIABLE = YES;
				IPHONEOS_DEPLOYMENT_TARGET = 9.3;
				MTL_ENABLE_DEBUG_INFO = YES;
				ONLY_ACTIVE_ARCH = YES;
				SDKROOT = iphoneos;
				TARGETED_DEVICE_FAMILY = "1,2";
			};
			name = Debug;
		};
		957A824B1D5B29CD00F4722D /* Release */ = {
			isa = XCBuildConfiguration;
			buildSettings = {
				ALWAYS_SEARCH_USER_PATHS = NO;
				CLANG_ANALYZER_NONNULL = YES;
				CLANG_CXX_LANGUAGE_STANDARD = "gnu++0x";
				CLANG_CXX_LIBRARY = "libc++";
				CLANG_ENABLE_MODULES = YES;
				CLANG_ENABLE_OBJC_ARC = YES;
				CLANG_WARN_BOOL_CONVERSION = YES;
				CLANG_WARN_CONSTANT_CONVERSION = YES;
				CLANG_WARN_DIRECT_OBJC_ISA_USAGE = YES_ERROR;
				CLANG_WARN_EMPTY_BODY = YES;
				CLANG_WARN_ENUM_CONVERSION = YES;
				CLANG_WARN_INT_CONVERSION = YES;
				CLANG_WARN_OBJC_ROOT_CLASS = YES_ERROR;
				CLANG_WARN_UNREACHABLE_CODE = YES;
				CLANG_WARN__DUPLICATE_METHOD_MATCH = YES;
				"CODE_SIGN_IDENTITY[sdk=iphoneos*]" = "iPhone Developer";
				COPY_PHASE_STRIP = NO;
				DEBUG_INFORMATION_FORMAT = "dwarf-with-dsym";
				ENABLE_NS_ASSERTIONS = NO;
				ENABLE_STRICT_OBJC_MSGSEND = YES;
				GCC_C_LANGUAGE_STANDARD = gnu99;
				GCC_NO_COMMON_BLOCKS = YES;
				GCC_WARN_64_TO_32_BIT_CONVERSION = YES;
				GCC_WARN_ABOUT_RETURN_TYPE = YES_ERROR;
				GCC_WARN_UNDECLARED_SELECTOR = YES;
				GCC_WARN_UNINITIALIZED_AUTOS = YES_AGGRESSIVE;
				GCC_WARN_UNUSED_FUNCTION = YES;
				GCC_WARN_UNUSED_VARIABLE = YES;
				IPHONEOS_DEPLOYMENT_TARGET = 9.3;
				MTL_ENABLE_DEBUG_INFO = NO;
				SDKROOT = iphoneos;
				TARGETED_DEVICE_FAMILY = "1,2";
				VALIDATE_PRODUCT = YES;
			};
			name = Release;
		};
		957A824D1D5B29CD00F4722D /* Debug */ = {
			isa = XCBuildConfiguration;
			buildSettings = {
				ASSETCATALOG_COMPILER_APPICON_NAME = AppIcon;
				INFOPLIST_FILE = swipeMonthYear/Info.plist;
				LD_RUNPATH_SEARCH_PATHS = "$(inherited) @executable_path/Frameworks";
				PRODUCT_BUNDLE_IDENTIFIER = com.annv.swipeMonthYear;
				PRODUCT_NAME = "$(TARGET_NAME)";
			};
			name = Debug;
		};
		957A824E1D5B29CD00F4722D /* Release */ = {
			isa = XCBuildConfiguration;
			buildSettings = {
				ASSETCATALOG_COMPILER_APPICON_NAME = AppIcon;
				INFOPLIST_FILE = swipeMonthYear/Info.plist;
				LD_RUNPATH_SEARCH_PATHS = "$(inherited) @executable_path/Frameworks";
				PRODUCT_BUNDLE_IDENTIFIER = com.annv.swipeMonthYear;
				PRODUCT_NAME = "$(TARGET_NAME)";
			};
			name = Release;
		};
		957A82501D5B29CD00F4722D /* Debug */ = {
			isa = XCBuildConfiguration;
			buildSettings = {
				BUNDLE_LOADER = "$(TEST_HOST)";
				INFOPLIST_FILE = swipeMonthYearTests/Info.plist;
				LD_RUNPATH_SEARCH_PATHS = "$(inherited) @executable_path/Frameworks @loader_path/Frameworks";
				PRODUCT_BUNDLE_IDENTIFIER = com.annv.swipeMonthYearTests;
				PRODUCT_NAME = "$(TARGET_NAME)";
				TEST_HOST = "$(BUILT_PRODUCTS_DIR)/swipeMonthYear.app/swipeMonthYear";
			};
			name = Debug;
		};
		957A82511D5B29CD00F4722D /* Release */ = {
			isa = XCBuildConfiguration;
			buildSettings = {
				BUNDLE_LOADER = "$(TEST_HOST)";
				INFOPLIST_FILE = swipeMonthYearTests/Info.plist;
				LD_RUNPATH_SEARCH_PATHS = "$(inherited) @executable_path/Frameworks @loader_path/Frameworks";
				PRODUCT_BUNDLE_IDENTIFIER = com.annv.swipeMonthYearTests;
				PRODUCT_NAME = "$(TARGET_NAME)";
				TEST_HOST = "$(BUILT_PRODUCTS_DIR)/swipeMonthYear.app/swipeMonthYear";
			};
			name = Release;
		};
		957A82531D5B29CD00F4722D /* Debug */ = {
			isa = XCBuildConfiguration;
			buildSettings = {
				INFOPLIST_FILE = swipeMonthYearUITests/Info.plist;
				LD_RUNPATH_SEARCH_PATHS = "$(inherited) @executable_path/Frameworks @loader_path/Frameworks";
				PRODUCT_BUNDLE_IDENTIFIER = com.annv.swipeMonthYearUITests;
				PRODUCT_NAME = "$(TARGET_NAME)";
				TEST_TARGET_NAME = swipeMonthYear;
			};
			name = Debug;
		};
		957A82541D5B29CD00F4722D /* Release */ = {
			isa = XCBuildConfiguration;
			buildSettings = {
				INFOPLIST_FILE = swipeMonthYearUITests/Info.plist;
				LD_RUNPATH_SEARCH_PATHS = "$(inherited) @executable_path/Frameworks @loader_path/Frameworks";
				PRODUCT_BUNDLE_IDENTIFIER = com.annv.swipeMonthYearUITests;
				PRODUCT_NAME = "$(TARGET_NAME)";
				TEST_TARGET_NAME = swipeMonthYear;
			};
			name = Release;
		};
/* End XCBuildConfiguration section */

/* Begin XCConfigurationList section */
		957A821A1D5B29CD00F4722D /* Build configuration list for PBXProject "swipeMonthYear" */ = {
			isa = XCConfigurationList;
			buildConfigurations = (
				957A824A1D5B29CD00F4722D /* Debug */,
				957A824B1D5B29CD00F4722D /* Release */,
			);
			defaultConfigurationIsVisible = 0;
			defaultConfigurationName = Release;
		};
		957A824C1D5B29CD00F4722D /* Build configuration list for PBXNativeTarget "swipeMonthYear" */ = {
			isa = XCConfigurationList;
			buildConfigurations = (
				957A824D1D5B29CD00F4722D /* Debug */,
				957A824E1D5B29CD00F4722D /* Release */,
			);
			defaultConfigurationIsVisible = 0;
		};
		957A824F1D5B29CD00F4722D /* Build configuration list for PBXNativeTarget "swipeMonthYearTests" */ = {
			isa = XCConfigurationList;
			buildConfigurations = (
				957A82501D5B29CD00F4722D /* Debug */,
				957A82511D5B29CD00F4722D /* Release */,
			);
			defaultConfigurationIsVisible = 0;
		};
		957A82521D5B29CD00F4722D /* Build configuration list for PBXNativeTarget "swipeMonthYearUITests" */ = {
			isa = XCConfigurationList;
			buildConfigurations = (
				957A82531D5B29CD00F4722D /* Debug */,
				957A82541D5B29CD00F4722D /* Release */,
			);
			defaultConfigurationIsVisible = 0;
		};
/* End XCConfigurationList section */
	};
	rootObject = 957A82171D5B29CD00F4722D /* Project object */;
}
