// !$*UTF8*$!
{
	archiveVersion = 1;
	classes = {
	};
	objectVersion = 46;
	objects = {

/* Begin PBXBuildFile section */
		958A6BBD1D5C21E300E22412 /* main.m in Sources */ = {isa = PBXBuildFile; fileRef = 958A6BBC1D5C21E300E22412 /* main.m */; };
		958A6BC01D5C21E300E22412 /* SwipeMYAppDelegate.m in Sources */ = {isa = PBXBuildFile; fileRef = 958A6BBF1D5C21E300E22412 /* SwipeMYAppDelegate.m */; };
		958A6BC31D5C21E300E22412 /* SwipeMYViewController.m in Sources */ = {isa = PBXBuildFile; fileRef = 958A6BC21D5C21E300E22412 /* SwipeMYViewController.m */; };
		958A6BC61D5C21E300E22412 /* Main.storyboard in Resources */ = {isa = PBXBuildFile; fileRef = 958A6BC41D5C21E300E22412 /* Main.storyboard */; };
		958A6BC81D5C21E300E22412 /* Assets.xcassets in Resources */ = {isa = PBXBuildFile; fileRef = 958A6BC71D5C21E300E22412 /* Assets.xcassets */; };
		958A6BCB1D5C21E300E22412 /* LaunchScreen.storyboard in Resources */ = {isa = PBXBuildFile; fileRef = 958A6BC91D5C21E300E22412 /* LaunchScreen.storyboard */; };
		958A6BD61D5C221B00E22412 /* SwipeMonthView in Resources */ = {isa = PBXBuildFile; fileRef = 958A6BD31D5C221B00E22412 /* SwipeMonthView */; };
		958A6BD71D5C221B00E22412 /* SwipeTimeView in Resources */ = {isa = PBXBuildFile; fileRef = 958A6BD41D5C221B00E22412 /* SwipeTimeView */; };
		958A6BD81D5C221B00E22412 /* SwipeYearAndMonth in Resources */ = {isa = PBXBuildFile; fileRef = 958A6BD51D5C221B00E22412 /* SwipeYearAndMonth */; };
/* End PBXBuildFile section */

/* Begin PBXFileReference section */
		958A6BB81D5C21E300E22412 /* swipeMonthYear.app */ = {isa = PBXFileReference; explicitFileType = wrapper.application; includeInIndex = 0; path = swipeMonthYear.app; sourceTree = BUILT_PRODUCTS_DIR; };
		958A6BBC1D5C21E300E22412 /* main.m */ = {isa = PBXFileReference; lastKnownFileType = sourcecode.c.objc; path = main.m; sourceTree = "<group>"; };
		958A6BBE1D5C21E300E22412 /* SwipeMYAppDelegate.h */ = {isa = PBXFileReference; lastKnownFileType = sourcecode.c.h; path = SwipeMYAppDelegate.h; sourceTree = "<group>"; };
		958A6BBF1D5C21E300E22412 /* SwipeMYAppDelegate.m */ = {isa = PBXFileReference; lastKnownFileType = sourcecode.c.objc; path = SwipeMYAppDelegate.m; sourceTree = "<group>"; };
		958A6BC11D5C21E300E22412 /* SwipeMYViewController.h */ = {isa = PBXFileReference; lastKnownFileType = sourcecode.c.h; path = SwipeMYViewController.h; sourceTree = "<group>"; };
		958A6BC21D5C21E300E22412 /* SwipeMYViewController.m */ = {isa = PBXFileReference; lastKnownFileType = sourcecode.c.objc; path = SwipeMYViewController.m; sourceTree = "<group>"; };
		958A6BC51D5C21E300E22412 /* Base */ = {isa = PBXFileReference; lastKnownFileType = file.storyboard; name = Base; path = Base.lproj/Main.storyboard; sourceTree = "<group>"; };
		958A6BC71D5C21E300E22412 /* Assets.xcassets */ = {isa = PBXFileReference; lastKnownFileType = folder.assetcatalog; path = Assets.xcassets; sourceTree = "<group>"; };
		958A6BCA1D5C21E300E22412 /* Base */ = {isa = PBXFileReference; lastKnownFileType = file.storyboard; name = Base; path = Base.lproj/LaunchScreen.storyboard; sourceTree = "<group>"; };
		958A6BCC1D5C21E300E22412 /* Info.plist */ = {isa = PBXFileReference; lastKnownFileType = text.plist.xml; path = Info.plist; sourceTree = "<group>"; };
		958A6BD21D5C221B00E22412 /* GlobalDefine.h */ = {isa = PBXFileReference; fileEncoding = 4; lastKnownFileType = sourcecode.c.h; path = GlobalDefine.h; sourceTree = "<group>"; };
		958A6BD31D5C221B00E22412 /* SwipeMonthView */ = {isa = PBXFileReference; lastKnownFileType = folder; path = SwipeMonthView; sourceTree = "<group>"; };
		958A6BD41D5C221B00E22412 /* SwipeTimeView */ = {isa = PBXFileReference; lastKnownFileType = folder; path = SwipeTimeView; sourceTree = "<group>"; };
		958A6BD51D5C221B00E22412 /* SwipeYearAndMonth */ = {isa = PBXFileReference; lastKnownFileType = folder; path = SwipeYearAndMonth; sourceTree = "<group>"; };
/* End PBXFileReference section */

/* Begin PBXFrameworksBuildPhase section */
		958A6BB51D5C21E300E22412 /* Frameworks */ = {
			isa = PBXFrameworksBuildPhase;
			buildActionMask = 2147483647;
			files = (
			);
			runOnlyForDeploymentPostprocessing = 0;
		};
/* End PBXFrameworksBuildPhase section */

/* Begin PBXGroup section */
		958A6BAF1D5C21E300E22412 = {
			isa = PBXGroup;
			children = (
				958A6BBA1D5C21E300E22412 /* swipeMonthYear */,
				958A6BB91D5C21E300E22412 /* Products */,
			);
			sourceTree = "<group>";
		};
		958A6BB91D5C21E300E22412 /* Products */ = {
			isa = PBXGroup;
			children = (
				958A6BB81D5C21E300E22412 /* swipeMonthYear.app */,
			);
			name = Products;
			sourceTree = "<group>";
		};
		958A6BBA1D5C21E300E22412 /* swipeMonthYear */ = {
			isa = PBXGroup;
			children = (
				958A6BD21D5C221B00E22412 /* GlobalDefine.h */,
				958A6BD31D5C221B00E22412 /* SwipeMonthView */,
				958A6BD41D5C221B00E22412 /* SwipeTimeView */,
				958A6BD51D5C221B00E22412 /* SwipeYearAndMonth */,
				958A6BBE1D5C21E300E22412 /* SwipeMYAppDelegate.h */,
				958A6BBF1D5C21E300E22412 /* SwipeMYAppDelegate.m */,
				958A6BC11D5C21E300E22412 /* SwipeMYViewController.h */,
				958A6BC21D5C21E300E22412 /* SwipeMYViewController.m */,
				958A6BC41D5C21E300E22412 /* Main.storyboard */,
				958A6BC71D5C21E300E22412 /* Assets.xcassets */,
				958A6BC91D5C21E300E22412 /* LaunchScreen.storyboard */,
				958A6BCC1D5C21E300E22412 /* Info.plist */,
				958A6BBB1D5C21E300E22412 /* Supporting Files */,
			);
			path = swipeMonthYear;
			sourceTree = "<group>";
		};
		958A6BBB1D5C21E300E22412 /* Supporting Files */ = {
			isa = PBXGroup;
			children = (
				958A6BBC1D5C21E300E22412 /* main.m */,
			);
			name = "Supporting Files";
			sourceTree = "<group>";
		};
/* End PBXGroup section */

/* Begin PBXNativeTarget section */
		958A6BB71D5C21E300E22412 /* swipeMonthYear */ = {
			isa = PBXNativeTarget;
			buildConfigurationList = 958A6BCF1D5C21E300E22412 /* Build configuration list for PBXNativeTarget "swipeMonthYear" */;
			buildPhases = (
				958A6BB41D5C21E300E22412 /* Sources */,
				958A6BB51D5C21E300E22412 /* Frameworks */,
				958A6BB61D5C21E300E22412 /* Resources */,
			);
			buildRules = (
			);
			dependencies = (
			);
			name = swipeMonthYear;
			productName = swipeMonthYear;
			productReference = 958A6BB81D5C21E300E22412 /* swipeMonthYear.app */;
			productType = "com.apple.product-type.application";
		};
/* End PBXNativeTarget section */

/* Begin PBXProject section */
		958A6BB01D5C21E300E22412 /* Project object */ = {
			isa = PBXProject;
			attributes = {
				LastUpgradeCheck = 0730;
				ORGANIZATIONNAME = AnN;
				TargetAttributes = {
					958A6BB71D5C21E300E22412 = {
						CreatedOnToolsVersion = 7.3.1;
					};
				};
			};
			buildConfigurationList = 958A6BB31D5C21E300E22412 /* Build configuration list for PBXProject "swipeMonthYear" */;
			compatibilityVersion = "Xcode 3.2";
			developmentRegion = English;
			hasScannedForEncodings = 0;
			knownRegions = (
				en,
				Base,
			);
			mainGroup = 958A6BAF1D5C21E300E22412;
			productRefGroup = 958A6BB91D5C21E300E22412 /* Products */;
			projectDirPath = "";
			projectRoot = "";
			targets = (
				958A6BB71D5C21E300E22412 /* swipeMonthYear */,
			);
		};
/* End PBXProject section */

/* Begin PBXResourcesBuildPhase section */
		958A6BB61D5C21E300E22412 /* Resources */ = {
			isa = PBXResourcesBuildPhase;
			buildActionMask = 2147483647;
			files = (
				958A6BCB1D5C21E300E22412 /* LaunchScreen.storyboard in Resources */,
				958A6BD81D5C221B00E22412 /* SwipeYearAndMonth in Resources */,
				958A6BD71D5C221B00E22412 /* SwipeTimeView in Resources */,
				958A6BC81D5C21E300E22412 /* Assets.xcassets in Resources */,
				958A6BC61D5C21E300E22412 /* Main.storyboard in Resources */,
				958A6BD61D5C221B00E22412 /* SwipeMonthView in Resources */,
			);
			runOnlyForDeploymentPostprocessing = 0;
		};
/* End PBXResourcesBuildPhase section */

/* Begin PBXSourcesBuildPhase section */
		958A6BB41D5C21E300E22412 /* Sources */ = {
			isa = PBXSourcesBuildPhase;
			buildActionMask = 2147483647;
			files = (
				958A6BC31D5C21E300E22412 /* SwipeMYViewController.m in Sources */,
				958A6BC01D5C21E300E22412 /* SwipeMYAppDelegate.m in Sources */,
				958A6BBD1D5C21E300E22412 /* main.m in Sources */,
			);
			runOnlyForDeploymentPostprocessing = 0;
		};
/* End PBXSourcesBuildPhase section */

/* Begin PBXVariantGroup section */
		958A6BC41D5C21E300E22412 /* Main.storyboard */ = {
			isa = PBXVariantGroup;
			children = (
				958A6BC51D5C21E300E22412 /* Base */,
			);
			name = Main.storyboard;
			sourceTree = "<group>";
		};
		958A6BC91D5C21E300E22412 /* LaunchScreen.storyboard */ = {
			isa = PBXVariantGroup;
			children = (
				958A6BCA1D5C21E300E22412 /* Base */,
			);
			name = LaunchScreen.storyboard;
			sourceTree = "<group>";
		};
/* End PBXVariantGroup section */

/* Begin XCBuildConfiguration section */
		958A6BCD1D5C21E300E22412 /* Debug */ = {
			isa = XCBuildConfiguration;
			buildSettings = {
				ALWAYS_SEARCH_USER_PATHS = NO;
				CLANG_ANALYZER_NONNULL = YES;
				CLANG_CXX_LANGUAGE_STANDARD = "gnu++0x";
				CLANG_CXX_LIBRARY = "libc++";
				CLANG_ENABLE_MODULES = YES;
				CLANG_ENABLE_OBJC_ARC = YES;
				CLANG_WARN_BOOL_CONVERSION = YES;
				CLANG_WARN_CONSTANT_CONVERSION = YES;
				CLANG_WARN_DIRECT_OBJC_ISA_USAGE = YES_ERROR;
				CLANG_WARN_EMPTY_BODY = YES;
				CLANG_WARN_ENUM_CONVERSION = YES;
				CLANG_WARN_INT_CONVERSION = YES;
				CLANG_WARN_OBJC_ROOT_CLASS = YES_ERROR;
				CLANG_WARN_UNREACHABLE_CODE = YES;
				CLANG_WARN__DUPLICATE_METHOD_MATCH = YES;
				"CODE_SIGN_IDENTITY[sdk=iphoneos*]" = "iPhone Developer";
				COPY_PHASE_STRIP = NO;
				DEBUG_INFORMATION_FORMAT = dwarf;
				ENABLE_STRICT_OBJC_MSGSEND = YES;
				ENABLE_TESTABILITY = YES;
				GCC_C_LANGUAGE_STANDARD = gnu99;
				GCC_DYNAMIC_NO_PIC = NO;
				GCC_NO_COMMON_BLOCKS = YES;
				GCC_OPTIMIZATION_LEVEL = 0;
				GCC_PREPROCESSOR_DEFINITIONS = (
					"DEBUG=1",
					"$(inherited)",
				);
				GCC_WARN_64_TO_32_BIT_CONVERSION = YES;
				GCC_WARN_ABOUT_RETURN_TYPE = YES_ERROR;
				GCC_WARN_UNDECLARED_SELECTOR = YES;
				GCC_WARN_UNINITIALIZED_AUTOS = YES_AGGRESSIVE;
				GCC_WARN_UNUSED_FUNCTION = YES;
				GCC_WARN_UNUSED_VARIABLE = YES;
				IPHONEOS_DEPLOYMENT_TARGET = 9.3;
				MTL_ENABLE_DEBUG_INFO = YES;
				ONLY_ACTIVE_ARCH = YES;
				SDKROOT = iphoneos;
				TARGETED_DEVICE_FAMILY = "1,2";
			};
			name = Debug;
		};
		958A6BCE1D5C21E300E22412 /* Release */ = {
			isa = XCBuildConfiguration;
			buildSettings = {
				ALWAYS_SEARCH_USER_PATHS = NO;
				CLANG_ANALYZER_NONNULL = YES;
				CLANG_CXX_LANGUAGE_STANDARD = "gnu++0x";
				CLANG_CXX_LIBRARY = "libc++";
				CLANG_ENABLE_MODULES = YES;
				CLANG_ENABLE_OBJC_ARC = YES;
				CLANG_WARN_BOOL_CONVERSION = YES;
				CLANG_WARN_CONSTANT_CONVERSION = YES;
				CLANG_WARN_DIRECT_OBJC_ISA_USAGE = YES_ERROR;
				CLANG_WARN_EMPTY_BODY = YES;
				CLANG_WARN_ENUM_CONVERSION = YES;
				CLANG_WARN_INT_CONVERSION = YES;
				CLANG_WARN_OBJC_ROOT_CLASS = YES_ERROR;
				CLANG_WARN_UNREACHABLE_CODE = YES;
				CLANG_WARN__DUPLICATE_METHOD_MATCH = YES;
				"CODE_SIGN_IDENTITY[sdk=iphoneos*]" = "iPhone Developer";
				COPY_PHASE_STRIP = NO;
				DEBUG_INFORMATION_FORMAT = "dwarf-with-dsym";
				ENABLE_NS_ASSERTIONS = NO;
				ENABLE_STRICT_OBJC_MSGSEND = YES;
				GCC_C_LANGUAGE_STANDARD = gnu99;
				GCC_NO_COMMON_BLOCKS = YES;
				GCC_WARN_64_TO_32_BIT_CONVERSION = YES;
				GCC_WARN_ABOUT_RETURN_TYPE = YES_ERROR;
				GCC_WARN_UNDECLARED_SELECTOR = YES;
				GCC_WARN_UNINITIALIZED_AUTOS = YES_AGGRESSIVE;
				GCC_WARN_UNUSED_FUNCTION = YES;
				GCC_WARN_UNUSED_VARIABLE = YES;
				IPHONEOS_DEPLOYMENT_TARGET = 9.3;
				MTL_ENABLE_DEBUG_INFO = NO;
				SDKROOT = iphoneos;
				TARGETED_DEVICE_FAMILY = "1,2";
				VALIDATE_PRODUCT = YES;
			};
			name = Release;
		};
		958A6BD01D5C21E300E22412 /* Debug */ = {
			isa = XCBuildConfiguration;
			buildSettings = {
				ASSETCATALOG_COMPILER_APPICON_NAME = AppIcon;
				INFOPLIST_FILE = swipeMonthYear/Info.plist;
				LD_RUNPATH_SEARCH_PATHS = "$(inherited) @executable_path/Frameworks";
				PRODUCT_BUNDLE_IDENTIFIER = com.annv.swipeMonthYear;
				PRODUCT_NAME = "$(TARGET_NAME)";
			};
			name = Debug;
		};
		958A6BD11D5C21E300E22412 /* Release */ = {
			isa = XCBuildConfiguration;
			buildSettings = {
				ASSETCATALOG_COMPILER_APPICON_NAME = AppIcon;
				INFOPLIST_FILE = swipeMonthYear/Info.plist;
				LD_RUNPATH_SEARCH_PATHS = "$(inherited) @executable_path/Frameworks";
				PRODUCT_BUNDLE_IDENTIFIER = com.annv.swipeMonthYear;
				PRODUCT_NAME = "$(TARGET_NAME)";
			};
			name = Release;
		};
/* End XCBuildConfiguration section */

/* Begin XCConfigurationList section */
		958A6BB31D5C21E300E22412 /* Build configuration list for PBXProject "swipeMonthYear" */ = {
			isa = XCConfigurationList;
			buildConfigurations = (
				958A6BCD1D5C21E300E22412 /* Debug */,
				958A6BCE1D5C21E300E22412 /* Release */,
			);
			defaultConfigurationIsVisible = 0;
			defaultConfigurationName = Release;
		};
		958A6BCF1D5C21E300E22412 /* Build configuration list for PBXNativeTarget "swipeMonthYear" */ = {
			isa = XCConfigurationList;
			buildConfigurations = (
				958A6BD01D5C21E300E22412 /* Debug */,
				958A6BD11D5C21E300E22412 /* Release */,
			);
			defaultConfigurationIsVisible = 0;
			defaultConfigurationName = Release;
		};
/* End XCConfigurationList section */
	};
	rootObject = 958A6BB01D5C21E300E22412 /* Project object */;
}
